
Microsoft Visual Studio Solution File, Format Version 12.00
# Visual Studio Version 17
VisualStudioVersion = 17.8.34601.278
MinimumVisualStudioVersion = 10.0.40219.1
Project("{FAE04EC0-301F-11D3-BF4B-00C04F79EFBC}") = "CarbonFootprintService", "CarbonFootprintService.csproj", "{30CC2072-D3EB-4610-AE9F-CDF458299B02}"
EndProject
Global
	GlobalSection(SolutionConfigurationPlatforms) = preSolution
		Debug|Any CPU = Debug|Any CPU
		Release|Any CPU = Release|Any CPU
	EndGlobalSection
	GlobalSection(ProjectConfigurationPlatforms) = postSolution
		{30CC2072-D3EB-4610-AE9F-CDF458299B02}.Debug|Any CPU.ActiveCfg = Debug|Any CPU
		{30CC2072-D3EB-4610-AE9F-CDF458299B02}.Debug|Any CPU.Build.0 = Debug|Any CPU
		{30CC2072-D3EB-4610-AE9F-CDF458299B02}.Release|Any CPU.ActiveCfg = Release|Any CPU
		{30CC2072-D3EB-4610-AE9F-CDF458299B02}.Release|Any CPU.Build.0 = Release|Any CPU
	EndGlobalSection
	GlobalSection(SolutionProperties) = preSolution
		HideSolutionNode = FALSE
	EndGlobalSection
	GlobalSection(ExtensibilityGlobals) = postSolution
		SolutionGuid = {291BF98F-E362-4AED-83E2-E531398383E0}
	EndGlobalSection
EndGlobal
